{
    "_meta": {
        "hash": {
            "sha256": "3f1f9b203c415de82fbbaa14ccfa65794c8ac96976e5fe2d8c784ae9bf2972e8"
        },
        "pipfile-spec": 6,
        "requires": {
            "python_version": "3.9"
        },
        "sources": [
            {
                "name": "pypi",
                "url": "https://pypi.org/simple",
                "verify_ssl": true
            }
        ]
    },
    "default": {
        "aioprocessing": {
            "hashes": [
                "sha256:00757aa3ae8d99a7e41079d7b5fcdcbb7794b1d454961e8c6601e3d4be63c03f",
                "sha256:469dfb746e8c4e0c727ba135cfabf9e034c554f6a73c27f908bfe3625dd74b9e"
            ],
            "index": "pypi",
            "version": "==2.0.0"
        },
        "asyncpg": {
            "hashes": [
                "sha256:129d501f3d30616afd51eb8d3142ef51ba05374256bd5834cec3ef4956a9b317",
                "sha256:29ef6ae0a617fc13cc2ac5dc8e9b367bb83cba220614b437af9b67766f4b6b20",
                "sha256:41704c561d354bef01353835a7846e5606faabbeb846214dfcf666cf53319f18",
                "sha256:556b0e92e2b75dc028b3c4bc9bd5162ddf0053b856437cf1f04c97f9c6837d03",
                "sha256:8ff5073d4b654e34bd5eaadc01dc4d68b8a9609084d835acd364cd934190a08d",
                "sha256:a458fc69051fbb67d995fdda46d75a012b5d6200f91e17d23d4751482640ed4c",
                "sha256:a7095890c96ba36f9f668eb552bb020dddb44f8e73e932f8573efc613ee83843",
                "sha256:a738f4807c853623d3f93f0fea11f61be6b0e5ca16ea8aeb42c2c7ee742aa853",
                "sha256:c4fc0205fe4ddd5aeb3dfdc0f7bafd43411181e1f5650189608e5971cceacff1",
                "sha256:dd2fa063c3344823487d9ddccb40802f02622ddf8bf8a6cc53885ee7a2c1c0c6",
                "sha256:ddffcb85227bf39cd1bedd4603e0082b243cf3b14ced64dce506a15b05232b83",
                "sha256:e36c6806883786b19551bb70a4882561f31135dc8105a59662e0376cf5b2cbc5",
                "sha256:eed43abc6ccf1dc02e0d0efc06ce46a411362f3358847c6b0ec9a43426f91ece"
            ],
            "index": "pypi",
            "version": "==0.24.0"
        },
        "base58": {
            "hashes": [
                "sha256:11a36f4d3ce51dfc1043f3218591ac4eb1ceb172919cebe05b52a5bcc8d245c2",
                "sha256:c5d0cb3f5b6e81e8e35da5754388ddcc6d0d14b6c6a132cb93d69ed580a7278c"
            ],
            "index": "pypi",
            "version": "==2.1.1"
        },
        "cffi": {
            "hashes": [
                "sha256:00c878c90cb53ccfaae6b8bc18ad05d2036553e6d9d1d9dbcf323bbe83854ca3",
                "sha256:0104fb5ae2391d46a4cb082abdd5c69ea4eab79d8d44eaaf79f1b1fd806ee4c2",
                "sha256:06c48159c1abed75c2e721b1715c379fa3200c7784271b3c46df01383b593636",
                "sha256:0808014eb713677ec1292301ea4c81ad277b6cdf2fdd90fd540af98c0b101d20",
                "sha256:10dffb601ccfb65262a27233ac273d552ddc4d8ae1bf93b21c94b8511bffe728",
                "sha256:14cd121ea63ecdae71efa69c15c5543a4b5fbcd0bbe2aad864baca0063cecf27",
                "sha256:17771976e82e9f94976180f76468546834d22a7cc404b17c22df2a2c81db0c66",
                "sha256:181dee03b1170ff1969489acf1c26533710231c58f95534e3edac87fff06c443",
                "sha256:23cfe892bd5dd8941608f93348c0737e369e51c100d03718f108bf1add7bd6d0",
                "sha256:263cc3d821c4ab2213cbe8cd8b355a7f72a8324577dc865ef98487c1aeee2bc7",
                "sha256:2756c88cbb94231c7a147402476be2c4df2f6078099a6f4a480d239a8817ae39",
                "sha256:27c219baf94952ae9d50ec19651a687b826792055353d07648a5695413e0c605",
                "sha256:2a23af14f408d53d5e6cd4e3d9a24ff9e05906ad574822a10563efcef137979a",
                "sha256:31fb708d9d7c3f49a60f04cf5b119aeefe5644daba1cd2a0fe389b674fd1de37",
                "sha256:3415c89f9204ee60cd09b235810be700e993e343a408693e80ce7f6a40108029",
                "sha256:3773c4d81e6e818df2efbc7dd77325ca0dcb688116050fb2b3011218eda36139",
                "sha256:3b96a311ac60a3f6be21d2572e46ce67f09abcf4d09344c49274eb9e0bf345fc",
                "sha256:3f7d084648d77af029acb79a0ff49a0ad7e9d09057a9bf46596dac9514dc07df",
                "sha256:41d45de54cd277a7878919867c0f08b0cf817605e4eb94093e7516505d3c8d14",
                "sha256:4238e6dab5d6a8ba812de994bbb0a79bddbdf80994e4ce802b6f6f3142fcc880",
                "sha256:45db3a33139e9c8f7c09234b5784a5e33d31fd6907800b316decad50af323ff2",
                "sha256:45e8636704eacc432a206ac7345a5d3d2c62d95a507ec70d62f23cd91770482a",
                "sha256:4958391dbd6249d7ad855b9ca88fae690783a6be9e86df65865058ed81fc860e",
                "sha256:4a306fa632e8f0928956a41fa8e1d6243c71e7eb59ffbd165fc0b41e316b2474",
                "sha256:57e9ac9ccc3101fac9d6014fba037473e4358ef4e89f8e181f8951a2c0162024",
                "sha256:59888172256cac5629e60e72e86598027aca6bf01fa2465bdb676d37636573e8",
                "sha256:5e069f72d497312b24fcc02073d70cb989045d1c91cbd53979366077959933e0",
                "sha256:64d4ec9f448dfe041705426000cc13e34e6e5bb13736e9fd62e34a0b0c41566e",
                "sha256:6dc2737a3674b3e344847c8686cf29e500584ccad76204efea14f451d4cc669a",
                "sha256:74fdfdbfdc48d3f47148976f49fab3251e550a8720bebc99bf1483f5bfb5db3e",
                "sha256:75e4024375654472cc27e91cbe9eaa08567f7fbdf822638be2814ce059f58032",
                "sha256:786902fb9ba7433aae840e0ed609f45c7bcd4e225ebb9c753aa39725bb3e6ad6",
                "sha256:8b6c2ea03845c9f501ed1313e78de148cd3f6cad741a75d43a29b43da27f2e1e",
                "sha256:91d77d2a782be4274da750752bb1650a97bfd8f291022b379bb8e01c66b4e96b",
                "sha256:91ec59c33514b7c7559a6acda53bbfe1b283949c34fe7440bcf917f96ac0723e",
                "sha256:920f0d66a896c2d99f0adbb391f990a84091179542c205fa53ce5787aff87954",
                "sha256:a5263e363c27b653a90078143adb3d076c1a748ec9ecc78ea2fb916f9b861962",
                "sha256:abb9a20a72ac4e0fdb50dae135ba5e77880518e742077ced47eb1499e29a443c",
                "sha256:c2051981a968d7de9dd2d7b87bcb9c939c74a34626a6e2f8181455dd49ed69e4",
                "sha256:c21c9e3896c23007803a875460fb786118f0cdd4434359577ea25eb556e34c55",
                "sha256:c2502a1a03b6312837279c8c1bd3ebedf6c12c4228ddbad40912d671ccc8a962",
                "sha256:d4d692a89c5cf08a8557fdeb329b82e7bf609aadfaed6c0d79f5a449a3c7c023",
                "sha256:da5db4e883f1ce37f55c667e5c0de439df76ac4cb55964655906306918e7363c",
                "sha256:e7022a66d9b55e93e1a845d8c9eba2a1bebd4966cd8bfc25d9cd07d515b33fa6",
                "sha256:ef1f279350da2c586a69d32fc8733092fd32cc8ac95139a00377841f59a3f8d8",
                "sha256:f54a64f8b0c8ff0b64d18aa76675262e1700f3995182267998c31ae974fbc382",
                "sha256:f5c7150ad32ba43a07c4479f40241756145a1f03b43480e058cfd862bf5041c7",
                "sha256:f6f824dc3bce0edab5f427efcfb1d63ee75b6fcb7282900ccaf925be84efb0fc",
                "sha256:fd8a250edc26254fe5b33be00402e6d287f562b6a5b2152dec302fa15bb3e997",
                "sha256:ffaa5c925128e29efbde7301d8ecaf35c8c60ffbcd6a1ffd3a552177c8e5e796"
            ],
            "version": "==1.15.0"
        },
        "grpcio": {
            "hashes": [
                "sha256:0aa1af3e1480b6dd3092ee67c4b67b1ea88d638fcdc4d1a611ae11e311800b34",
                "sha256:0c075616d5e86fb65fd4784d5a87d6e5a1882d277dce5c33d9b67cfc71d79899",
                "sha256:133fb9a3cf4519543e4e41eb18b5dac0da26941aeabca8122dbcf3decbad2d21",
                "sha256:23a3f03e1d9ac429ff78d23d2ab07756d3728ee1a68b5f244d8435006608b6aa",
                "sha256:2a34c8979de10b04a44d2cad07d41d83643e65e49f84a05b1adf150aeb41c95f",
                "sha256:2eb8180a6d9e47fc865a4e92a2678f3202145021ef2c1bccf165fa5744f6ec95",
                "sha256:2f2ee78a6ae88d668ceda56fa4a18d8a38b34c2f2e1332083dd1da1a92870703",
                "sha256:31a47af7356fb5ed3120636dd75c5efb571ecf15737484119e31286687f0e52a",
                "sha256:3213dfe3abfc3fda7f30e86aa5967dce0c2eb4cc90a0504f95434091bf6b219a",
                "sha256:32b7ca83f1a6929217098aaaac89fc49879ae714c95501d40df41a0e7506164c",
                "sha256:3713e3918da6ae10812a64e75620a172f01af2ff0a1c99d6481c910e1d4a9053",
                "sha256:3b4b7c1ab18283eb64af5648d20eabef9237a2aec09e30a805f18adc9497258d",
                "sha256:3f0b70cf8632028714a8341b841b011a47900b1c163bf5fababb4ab3888c9b6c",
                "sha256:61aa02f4505c5bbbaeba80fef1bd6871d1aef05a8778a707ab91303ee0865ad0",
                "sha256:6ca497ccecaa8727f14c4ccc9ffb70a19c6413fe1d4650500c90a7febd662860",
                "sha256:71d9ed5a732a54b9c87764609f2fd2bc4ae72fa85e271038eb132ea723222209",
                "sha256:72d0bdc3605dc8f4187b302e1180643963896e3f2917a52becb51afb54448e3e",
                "sha256:734690b3f35468f8ed4003ec7622d2d47567f1881f5fcdca34f1e52551c2ef55",
                "sha256:740f5b21a7108a8c08bf522434752dc1d306274d47ca8b4d51af5588a16b6113",
                "sha256:766f1b943abc3e27842b72fba6e28fb9f57c9b84029fd7e91146e4c37034d937",
                "sha256:788154b32bf712e9711d001df024af5f7b2522117876c129bb27b9ad6e5461fb",
                "sha256:7a22a7378ea59ad1e6f2e79f9da6862eb9e1f6586253aee784d419a49e3f4bd9",
                "sha256:8487fb0649ebebc9c5dca1a6dc4eb7fddf701183426b3eefeb3584639d223d43",
                "sha256:8824b36e6b0e45fefe0b4eac5ad460830e0cbc856a0c794f711289b4b8933d53",
                "sha256:888d8519709652dd39415de5f79abd50257201b345dd4f40151feffc3dad3232",
                "sha256:9170b5d2082fc00c057c6ccd6b893033c1ade05717fcec1d63557c3bc7afdb1b",
                "sha256:9b751271b029432a526a4970dc9b70d93eb6f0963b6a841b574f780b72651969",
                "sha256:9d1be99f216b18f8a9dbdfbdbcc9a6caee504d0d27295fdbb5c8da35f5254a69",
                "sha256:9e403d07d77ed4495ad3c18994191525b11274693e72e464241c9139e2f9cd7c",
                "sha256:a3bb4302389b23f2006ecaaea5eb4a39cc80ea98d1964159e59c1c20ef39a483",
                "sha256:a5ac91db3c588296366554b2d91116fc3a9f05bae516cafae07220e1f05bfef7",
                "sha256:b1232c5efc8a9e4b7a13db235c51135412beb9e62e618a2a89dd0463edb3d929",
                "sha256:b8dd1b6456c6fb3681affe0f81dff4b3bc46f825fc05e086d64216545da9ad92",
                "sha256:c32c470e077b34a52e87e7de26644ad0f9e9ff89a785ff7e6466870869659e05",
                "sha256:c35b847bc6bd3c3a118a13277d91a772e7dd163ce7dd2791239f9941b6eaafe3",
                "sha256:c3a446b6a1f8077cc03d0d496fc1cecdd3d0b66860c0c5b65cc92d0549117840",
                "sha256:d1461672b2eaef9affb60a71014ebd2f789deea7c9acb1d4bd163de92dd8e044",
                "sha256:e156ea12adb7a7ca8d8280c9df850c15510b790c785fc26c9a3fb928cd221fd4",
                "sha256:ead9885b53777bed4b0694ff0baea9d2c519ff774b17b177bde43d73e2b4aa38",
                "sha256:ebbe9582ef06559a2358827a588ab4b92a2639517de8fe428288772820ab03b5",
                "sha256:f68aa98f5970eccb6c94456f3447a99916c42fbddae1971256bc4e7c40a6593b",
                "sha256:fc2eadfb5ec956c556c138fab0dfc1d2395c57ae0bfea047edae1976a26b250c",
                "sha256:fd11995e3402af0f838844194707da8b3235f1719bcac961493f0138f1325893",
                "sha256:fd570720871dc84d2adc8430ce287319c9238d1e2f70c140f9bc54c690fabd1b"
            ],
            "version": "==1.41.1"
        },
        "grpcio-tools": {
            "hashes": [
                "sha256:082ec573f9f1303b6adb7700df6c381871bba890d1a6e3238d12496181b88188",
                "sha256:0b79dcba5bdc17cb9e98aac8d1ecff301cf8cb3ff793f5cb637d27d7cde12ed6",
                "sha256:0e8934968475b895b42439247d2a95683756c452dff95c57812af9c78065b061",
                "sha256:0ef02428d0bd87c333e02ed5c43f15ecb5625ac93f14280d63359e8abb8f08a8",
                "sha256:1135a65aa2c5347a3ec3614e6831adf94215eaa22cb92e828bd22e7652bd6fbb",
                "sha256:19dfe6eab4924a934425993d2fe33cad60e3bc55a0e79b9ce4fd2e3e4399911d",
                "sha256:1a4a58df69bcf9bf2792bc49aa7d74b24d044a56d09e529e6cf393095decd48c",
                "sha256:1b9042ed70bdecfcdf1f2ff9b7e53bbf6404d47f90747954e3c18b506eb2f31c",
                "sha256:1cbe254c7e9cf9a4b5d3be13384aafa69cb78c98d3b4bfead21cbea1c1b4f131",
                "sha256:1ccd0c5af4560e39cdf32c106cb9065fb5ab1a839c0f411ce342bb462cf74f65",
                "sha256:1db24ac6b50ef747f650c40c2d7049a303fd57872b1c43e43582f989f9140eee",
                "sha256:2149bb2c936bc83b24e0ed4e74bf6660d6e91f85492c65044956b25a2e1d8609",
                "sha256:252cea08d5a9d8947e92e0a783e0a41690af8f7913f037e9af4b4fde16d567be",
                "sha256:2c6b36881c4b6d4199604fb42253d2e1722d8e5c0e504d9e721e0a51ac5c5cbd",
                "sha256:32ffdab1fdce423a3db489112a24a1ade5bab3d22f337dc63e9a0441e1dab1d7",
                "sha256:36168c5a00bc020f4030758e60d4a3bc2418279b0425025eebb8d9fe0310bb61",
                "sha256:39070f66cd789bdd6743e10813d4360cb13390ab21161bfa878d1679a2b8fd1e",
                "sha256:4a7dd864f2ccb840fe6fd07f0e81a94e17a5510b86ab8edb8506088552e3cd67",
                "sha256:4b9dff509b80319123fd5e3de3dfcdb862ca91b7a180639ba476a1594c363a69",
                "sha256:4cbe0589e462dd69139c9f3752c76b3466ae243eae81959c77965efc1fd925c8",
                "sha256:550360617fbf2deb41e95d64b644fcb373ccaa7daed51b273ef9a10c6a5a2bea",
                "sha256:5c7961c2c1f47faabd1be79326fa604ba7acbf2387105b0d514a2ccd16179302",
                "sha256:5d32f0371cb8d372c937ba0003a125aedbc702081de4dc8dac4984e6d2c0f6b6",
                "sha256:6dce70d332c6b9c95d60ce5049421602073914ee5770c559edce1ce9550400ad",
                "sha256:780db6b0cfdc0b02965eba126f1a5edaff50bcc0f7e96bb0e3f93658fe1a0b66",
                "sha256:794dd3f2a4af440e11b551bf14516f961490a4a35bca1a0ea9f1d3b0275cff1a",
                "sha256:846d558f06405eeac403182c5f2bb800526268e3eedc9a9848bb9ea898a30ae4",
                "sha256:8bee8a1004389e70596407fd616f28cba4e8354a0e002011a7fc5e91d29572a0",
                "sha256:91250fb70b57018796a22d9a27ea3819ef8573a3c6a960271cead310de606c57",
                "sha256:a1f097c62ba60f0dd9e047bef919a0f24f79829d23b9116dbc6c5e3aa4dc055e",
                "sha256:a549fbba1e4aa1cb13e45025ea5dc15cbc89e50d94b3a558462f1c4378102444",
                "sha256:bce9cb7159897974cbac8c48146d04a4b13d1e38e5c9f61745b8b6404f8c551e",
                "sha256:c13eb6c2a39079815ea1adad5a6bfeef5740955ff3eb765ba4aac1022010b426",
                "sha256:c664ffa4acc74c5d2a7d548a86167a9fd81b70d8dd4b0b9edd1e994889e44df0",
                "sha256:c6c1014acb907dba2faefc7ad0d79a2ac7b6ecebb4c6f327928e8d98ac44b544",
                "sha256:cdcb9ca63423c1d88485d1870e27c4393dea9563604f3b1c30f6cb7aa8c60258",
                "sha256:cebf44af95c6218e42ba9677dcf9be27d68904ee4c74881a787dd04fbeef3e48",
                "sha256:d8aad0c3a4a9b16b4d7be989938a05a96495296e0aedae50e3f3e9131517c08c",
                "sha256:eb6748aed8cf77280591570b71d8694360690b467937fbbdbedba788903b7301",
                "sha256:f16e4c63996ca8fe0af1eb9c4a07e5207874c4a69f890ccb824cd858521d981f",
                "sha256:f418c6dd993de1d7a4d279745f3593f1dd5ceab6d733e259b87c7e6beeb951de",
                "sha256:f59929960221a52f54ec1837b90365b2e7b6227443dc250ce620a7e8e4b46ef0",
                "sha256:f6bec85639fc8d23470fb224368dd0cf0fce3ae250cf392edba6d79d68e1c4ba",
                "sha256:fd2e2d99af0ae333707417c2a0b7ef90dd37486071a59ff7854d8ff23d5bac45"
            ],
            "version": "==1.41.1"
        },
        "mobilecoin": {
            "hashes": [
                "sha256:8bbac80c44d5b97bbefc2d0f5aff7f26231b1517e91189107c929ebffdb15c54",
                "sha256:98c4a73766665f94933141643b86e6a2bf8cafa89a29959693ee3218bb3d39ff"
            ],
            "index": "pypi",
            "version": "==0.3.3"
        },
        "phonenumbers": {
            "hashes": [
                "sha256:355956697047bc89efd89909373a0bdc50ac725c5613b2684a478d6b408a4010",
                "sha256:dbc560992844a059f56c7c0c6a587904e65d956740bbfb7e39589980bc9055b8"
            ],
            "index": "pypi",
            "version": "==8.12.37"
        },
        "prometheus-async": {
            "hashes": [
                "sha256:227f516e5bf98a0dc602348381e182358f8b2ed24a8db05e8e34d9cf027bab83",
                "sha256:3cc68d1f39e9bbf16dbd0b51103d87671b3cbd1d75a72cda472cd9a35cc9d0d2"
            ],
            "index": "pypi",
            "version": "==19.2.0"
        },
        "prometheus-client": {
            "hashes": [
                "sha256:1b12ba48cee33b9b0b9de64a1047cbd3c5f2d0ab6ebcead7ddda613a750ec3c5",
                "sha256:317453ebabff0a1b02df7f708efbab21e3489e7072b61cb6957230dd004a0af0"
            ],
            "index": "pypi",
            "version": "==0.12.0"
        },
        "protobuf": {
            "hashes": [
                "sha256:038daf4fa38a7e818dd61f51f22588d61755160a98db087a046f80d66b855942",
                "sha256:28ccea56d4dc38d35cd70c43c2da2f40ac0be0a355ef882242e8586c6d66666f",
                "sha256:36d90676d6f426718463fe382ec6274909337ca6319d375eebd2044e6c6ac560",
                "sha256:3cd0458870ea7d1c58e948ac8078f6ba8a7ecc44a57e03032ed066c5bb318089",
                "sha256:5935c8ce02e3d89c7900140a8a42b35bc037ec07a6aeb61cc108be8d3c9438a6",
                "sha256:615b426a177780ce381ecd212edc1e0f70db8557ed72560b82096bd36b01bc04",
                "sha256:62a8e4baa9cb9e064eb62d1002eca820857ab2138440cb4b3ea4243830f94ca7",
                "sha256:655264ed0d0efe47a523e2255fc1106a22f6faab7cc46cfe99b5bae085c2a13e",
                "sha256:6e8ea9173403219239cdfd8d946ed101f2ab6ecc025b0fda0c6c713c35c9981d",
                "sha256:71b0250b0cfb738442d60cab68abc166de43411f2a4f791d31378590bfb71bd7",
                "sha256:74f33edeb4f3b7ed13d567881da8e5a92a72b36495d57d696c2ea1ae0cfee80c",
                "sha256:77d2fadcf369b3f22859ab25bd12bb8e98fb11e05d9ff9b7cd45b711c719c002",
                "sha256:8b30a7de128c46b5ecb343917d9fa737612a6e8280f440874e5cc2ba0d79b8f6",
                "sha256:8e51561d72efd5bd5c91490af1f13e32bcba8dab4643761eb7de3ce18e64a853",
                "sha256:a529e7df52204565bcd33738a7a5f288f3d2d37d86caa5d78c458fa5fabbd54d",
                "sha256:b691d996c6d0984947c4cf8b7ae2fe372d99b32821d0584f0b90277aa36982d3",
                "sha256:d80f80eb175bf5f1169139c2e0c5ada98b1c098e2b3c3736667f28cbbea39fc8",
                "sha256:d83e1ef8cb74009bebee3e61cc84b1c9cd04935b72bca0cbc83217d140424995",
                "sha256:d8919368410110633717c406ab5c97e8df5ce93020cfcf3012834f28b1fab1ea",
                "sha256:db3532d9f7a6ebbe2392041350437953b6d7a792de10e629c1e4f5a6b1fe1ac6",
                "sha256:e7b24c11df36ee8e0c085e5b0dc560289e4b58804746fb487287dda51410f1e2",
                "sha256:e7e8d2c20921f8da0dea277dfefc6abac05903ceac8e72839b2da519db69206b",
                "sha256:e813b1c9006b6399308e917ac5d298f345d95bb31f46f02b60cd92970a9afa17",
                "sha256:fd390367fc211cc0ffcf3a9e149dfeca78fecc62adb911371db0cec5c8b7472d"
            ],
            "version": "==3.19.1"
        },
        "pycparser": {
            "hashes": [
                "sha256:8ee45429555515e1f6b185e78100aea234072576aa43ab53aefcae078162fca9",
                "sha256:e644fdec12f7872f86c58ff790da456218b10f863970249516d60a5eaca77206"
            ],
            "version": "==2.21"
        },
        "pynacl": {
            "hashes": [
                "sha256:06cbb4d9b2c4bd3c8dc0d267416aaed79906e7b33f114ddbf0911969794b1cc4",
                "sha256:11335f09060af52c97137d4ac54285bcb7df0cef29014a1a4efe64ac065434c4",
                "sha256:2fe0fc5a2480361dcaf4e6e7cea00e078fcda07ba45f811b167e3f99e8cff574",
                "sha256:30f9b96db44e09b3304f9ea95079b1b7316b2b4f3744fe3aaecccd95d547063d",
                "sha256:4e10569f8cbed81cb7526ae137049759d2a8d57726d52c1a000a3ce366779634",
                "sha256:511d269ee845037b95c9781aa702f90ccc36036f95d0f31373a6a79bd8242e25",
                "sha256:537a7ccbea22905a0ab36ea58577b39d1fa9b1884869d173b5cf111f006f689f",
                "sha256:54e9a2c849c742006516ad56a88f5c74bf2ce92c9f67435187c3c5953b346505",
                "sha256:757250ddb3bff1eecd7e41e65f7f833a8405fede0194319f87899690624f2122",
                "sha256:7757ae33dae81c300487591c68790dfb5145c7d03324000433d9a2c141f82af7",
                "sha256:7c6092102219f59ff29788860ccb021e80fffd953920c4a8653889c029b2d420",
                "sha256:8122ba5f2a2169ca5da936b2e5a511740ffb73979381b4229d9188f6dcb22f1f",
                "sha256:9c4a7ea4fb81536c1b1f5cc44d54a296f96ae78c1ebd2311bd0b60be45a48d96",
                "sha256:c914f78da4953b33d4685e3cdc7ce63401247a21425c16a39760e282075ac4a6",
                "sha256:cd401ccbc2a249a47a3a1724c2918fcd04be1f7b54eb2a5a71ff915db0ac51c6",
                "sha256:d452a6746f0a7e11121e64625109bc4468fc3100452817001dbe018bb8b08514",
                "sha256:ea6841bc3a76fa4942ce00f3bda7d436fda21e2d91602b9e21b7ca9ecab8f3ff",
                "sha256:f8851ab9041756003119368c1e6cd0b9c631f46d686b3904b18c0139f4419f80"
            ],
            "index": "pypi",
            "version": "==1.4.0"
        },
        "pyqrcode": {
            "hashes": [
                "sha256:1b2812775fa6ff5c527977c4cd2ccb07051ca7d0bc0aecf937a43864abe5eff6",
                "sha256:fdbf7634733e56b72e27f9bce46e4550b75a3a2c420414035cae9d9d26b234d5"
            ],
            "index": "pypi",
            "version": "==1.2.1"
        },
        "six": {
            "hashes": [
                "sha256:1e61c37477a1626458e36f7b1d82aa5c9b094fa4802892072e49de9c60c4c926",
                "sha256:8abb2f1d86890a2dfb989f9a77cfcfd3e47c2a354b01111771326f8aa26e0254"
            ],
            "version": "==1.16.0"
        },
        "termcolor": {
            "hashes": [
                "sha256:1d6d69ce66211143803fbc56652b41d73b4a400a2891d7bf7a1cdf4c02de613b"
            ],
            "index": "pypi",
            "version": "==1.1.0"
        },
        "wrapt": {
            "hashes": [
                "sha256:086218a72ec7d986a3eddb7707c8c4526d677c7b35e355875a0fe2918b059179",
                "sha256:0877fe981fd76b183711d767500e6b3111378ed2043c145e21816ee589d91096",
                "sha256:0a017a667d1f7411816e4bf214646d0ad5b1da2c1ea13dec6c162736ff25a374",
                "sha256:0cb23d36ed03bf46b894cfec777eec754146d68429c30431c99ef28482b5c1df",
                "sha256:1fea9cd438686e6682271d36f3481a9f3636195578bab9ca3382e2f5f01fc185",
                "sha256:220a869982ea9023e163ba915077816ca439489de6d2c09089b219f4e11b6785",
                "sha256:25b1b1d5df495d82be1c9d2fad408f7ce5ca8a38085e2da41bb63c914baadff7",
                "sha256:2dded5496e8f1592ec27079b28b6ad2a1ef0b9296d270f77b8e4a3a796cf6909",
                "sha256:2ebdde19cd3c8cdf8df3fc165bc7827334bc4e353465048b36f7deeae8ee0918",
                "sha256:43e69ffe47e3609a6aec0fe723001c60c65305784d964f5007d5b4fb1bc6bf33",
                "sha256:46f7f3af321a573fc0c3586612db4decb7eb37172af1bc6173d81f5b66c2e068",
                "sha256:47f0a183743e7f71f29e4e21574ad3fa95676136f45b91afcf83f6a050914829",
                "sha256:498e6217523111d07cd67e87a791f5e9ee769f9241fcf8a379696e25806965af",
                "sha256:4b9c458732450ec42578b5642ac53e312092acf8c0bfce140ada5ca1ac556f79",
                "sha256:51799ca950cfee9396a87f4a1240622ac38973b6df5ef7a41e7f0b98797099ce",
                "sha256:5601f44a0f38fed36cc07db004f0eedeaadbdcec90e4e90509480e7e6060a5bc",
                "sha256:5f223101f21cfd41deec8ce3889dc59f88a59b409db028c469c9b20cfeefbe36",
                "sha256:610f5f83dd1e0ad40254c306f4764fcdc846641f120c3cf424ff57a19d5f7ade",
                "sha256:6a03d9917aee887690aa3f1747ce634e610f6db6f6b332b35c2dd89412912bca",
                "sha256:705e2af1f7be4707e49ced9153f8d72131090e52be9278b5dbb1498c749a1e32",
                "sha256:766b32c762e07e26f50d8a3468e3b4228b3736c805018e4b0ec8cc01ecd88125",
                "sha256:77416e6b17926d953b5c666a3cb718d5945df63ecf922af0ee576206d7033b5e",
                "sha256:778fd096ee96890c10ce96187c76b3e99b2da44e08c9e24d5652f356873f6709",
                "sha256:78dea98c81915bbf510eb6a3c9c24915e4660302937b9ae05a0947164248020f",
                "sha256:7dd215e4e8514004c8d810a73e342c536547038fb130205ec4bba9f5de35d45b",
                "sha256:7dde79d007cd6dfa65afe404766057c2409316135cb892be4b1c768e3f3a11cb",
                "sha256:81bd7c90d28a4b2e1df135bfbd7c23aee3050078ca6441bead44c42483f9ebfb",
                "sha256:85148f4225287b6a0665eef08a178c15097366d46b210574a658c1ff5b377489",
                "sha256:865c0b50003616f05858b22174c40ffc27a38e67359fa1495605f96125f76640",
                "sha256:87883690cae293541e08ba2da22cacaae0a092e0ed56bbba8d018cc486fbafbb",
                "sha256:8aab36778fa9bba1a8f06a4919556f9f8c7b33102bd71b3ab307bb3fecb21851",
                "sha256:8c73c1a2ec7c98d7eaded149f6d225a692caa1bd7b2401a14125446e9e90410d",
                "sha256:936503cb0a6ed28dbfa87e8fcd0a56458822144e9d11a49ccee6d9a8adb2ac44",
                "sha256:944b180f61f5e36c0634d3202ba8509b986b5fbaf57db3e94df11abee244ba13",
                "sha256:96b81ae75591a795d8c90edc0bfaab44d3d41ffc1aae4d994c5aa21d9b8e19a2",
                "sha256:981da26722bebb9247a0601e2922cedf8bb7a600e89c852d063313102de6f2cb",
                "sha256:ae9de71eb60940e58207f8e71fe113c639da42adb02fb2bcbcaccc1ccecd092b",
                "sha256:b73d4b78807bd299b38e4598b8e7bd34ed55d480160d2e7fdaabd9931afa65f9",
                "sha256:d4a5f6146cfa5c7ba0134249665acd322a70d1ea61732723c7d3e8cc0fa80755",
                "sha256:dd91006848eb55af2159375134d724032a2d1d13bcc6f81cd8d3ed9f2b8e846c",
                "sha256:e05e60ff3b2b0342153be4d1b597bbcfd8330890056b9619f4ad6b8d5c96a81a",
                "sha256:e6906d6f48437dfd80464f7d7af1740eadc572b9f7a4301e7dd3d65db285cacf",
                "sha256:e92d0d4fa68ea0c02d39f1e2f9cb5bc4b4a71e8c442207433d8db47ee79d7aa3",
                "sha256:e94b7d9deaa4cc7bac9198a58a7240aaf87fe56c6277ee25fa5b3aa1edebd229",
                "sha256:ea3e746e29d4000cd98d572f3ee2a6050a4f784bb536f4ac1f035987fc1ed83e",
                "sha256:ec7e20258ecc5174029a0f391e1b948bf2906cd64c198a9b8b281b811cbc04de",
                "sha256:ec9465dd69d5657b5d2fa6133b3e1e989ae27d29471a672416fd729b429eb554",
                "sha256:f122ccd12fdc69628786d0c947bdd9cb2733be8f800d88b5a37c57f1f1d73c10",
                "sha256:f99c0489258086308aad4ae57da9e8ecf9e1f3f30fa35d5e170b4d4896554d80",
                "sha256:f9c51d9af9abb899bd34ace878fbec8bf357b3194a10c4e8e0a25512826ef056",
                "sha256:fd76c47f20984b43d93de9a82011bb6e5f8325df6c9ed4d8310029a55fa361ea"
            ],
            "version": "==1.13.3"
        }
    },
    "develop": {}
}
