{
    "_meta": {
        "hash": {
            "sha256": "c96cc16bb6c74a49ba9c6c28c63efd9e46c838c38c43ec7ba58f5f7d8f450eac"
        },
        "pipfile-spec": 6,
        "requires": {
            "python_version": "3.9"
        },
        "sources": [
            {
                "name": "pypi",
                "url": "https://pypi.org/simple",
                "verify_ssl": true
            }
        ]
    },
    "default": {
        "aiohttp": {
            "extras": [
                "speedups"
            ],
            "version": "*"
        }
    },
    "develop": {}
}
