{
    "_meta": {
        "hash": {
            "sha256": "a05fd386e9bc958ec14170d2ad3386926999e77fd3aaed5ce64df601994362e6"
        },
        "pipfile-spec": 6,
        "requires": {
            "python_version": "3.9"
        },
        "sources": [
            {
                "name": "pypi",
                "url": "https://pypi.org/simple",
                "verify_ssl": true
            }
        ]
    },
    "default": {
        "asyncpg": {
            "hashes": [
                "sha256:129d501f3d30616afd51eb8d3142ef51ba05374256bd5834cec3ef4956a9b317",
                "sha256:29ef6ae0a617fc13cc2ac5dc8e9b367bb83cba220614b437af9b67766f4b6b20",
                "sha256:41704c561d354bef01353835a7846e5606faabbeb846214dfcf666cf53319f18",
                "sha256:556b0e92e2b75dc028b3c4bc9bd5162ddf0053b856437cf1f04c97f9c6837d03",
                "sha256:8ff5073d4b654e34bd5eaadc01dc4d68b8a9609084d835acd364cd934190a08d",
                "sha256:a458fc69051fbb67d995fdda46d75a012b5d6200f91e17d23d4751482640ed4c",
                "sha256:a7095890c96ba36f9f668eb552bb020dddb44f8e73e932f8573efc613ee83843",
                "sha256:a738f4807c853623d3f93f0fea11f61be6b0e5ca16ea8aeb42c2c7ee742aa853",
                "sha256:c4fc0205fe4ddd5aeb3dfdc0f7bafd43411181e1f5650189608e5971cceacff1",
                "sha256:dd2fa063c3344823487d9ddccb40802f02622ddf8bf8a6cc53885ee7a2c1c0c6",
                "sha256:ddffcb85227bf39cd1bedd4603e0082b243cf3b14ced64dce506a15b05232b83",
                "sha256:e36c6806883786b19551bb70a4882561f31135dc8105a59662e0376cf5b2cbc5",
                "sha256:eed43abc6ccf1dc02e0d0efc06ce46a411362f3358847c6b0ec9a43426f91ece"
            ],
            "index": "pypi",
            "version": "==0.24.0"
        },
        "phonenumberslite": {
            "hashes": [
                "sha256:3eae6ea44b482d458a4486a21b8dea3d46533c86f6a715ae2632f8441cd8f2cc",
                "sha256:ad4e2a8e469158e186802ff226e8aa5fbbeff1bfa05c61df5384ca6d25f6b5f5"
            ],
            "index": "pypi",
            "version": "==8.12.35"
        }
    },
    "develop": {}
}
